
Microsoft Visual Studio Solution File, Format Version 10.00
# Visual Studio 2008
Project("{8BC9CEB8-8B4A-11D0-8D11-00A0C91BC942}") = "Program_Launcher", "Program_Launcher\Program_Launcher.vcproj", "{031DB4C0-DB78-4B98-838D-E486E8DDE7C3}"
EndProject
Global
	GlobalSection(SolutionConfigurationPlatforms) = preSolution
		Debug|Win32 = Debug|Win32
		Release|Win32 = Release|Win32
	EndGlobalSection
	GlobalSection(ProjectConfigurationPlatforms) = postSolution
		{031DB4C0-DB78-4B98-838D-E486E8DDE7C3}.Debug|Win32.ActiveCfg = Debug|Win32
		{031DB4C0-DB78-4B98-838D-E486E8DDE7C3}.Debug|Win32.Build.0 = Debug|Win32
		{031DB4C0-DB78-4B98-838D-E486E8DDE7C3}.Release|Win32.ActiveCfg = Release|Win32
		{031DB4C0-DB78-4B98-838D-E486E8DDE7C3}.Release|Win32.Build.0 = Release|Win32
	EndGlobalSection
	GlobalSection(SolutionProperties) = preSolution
		HideSolutionNode = FALSE
	EndGlobalSection
EndGlobal
